{
  "nodes": {
    "composer2nix": {
      "flake": false,
      "locked": {
        "lastModified": 1614430729,
        "narHash": "sha256-I8XDIvUj5TNS4yuW0bnIa4l1X7IRBaREbB1qv4TTYaM=",
        "ref": "master",
        "rev": "9983c6fafb277f6b305edf232c2690d6d28ec092",
        "revCount": 50,
        "type": "git",
        "url": "https://github.com/svanderburg/composer2nix"
      },
      "original": {
        "type": "git",
        "url": "https://github.com/svanderburg/composer2nix"
      }
    },
    "nixpkgs": {
      "locked": {
        "lastModified": 1629292755,
        "narHash": "sha256-5xMo32NVLnloY9DveqwJO/Cab1+PbTMPqU4WMmawX5M=",
        "owner": "NixOS",
        "repo": "nixpkgs",
        "rev": "253aecf69ed7595aaefabde779aa6449195bebb7",
        "type": "github"
      },
      "original": {
        "id": "nixpkgs",
        "ref": "nixpkgs-unstable",
        "type": "indirect"
      }
    },
    "root": {
      "inputs": {
        "composer2nix": "composer2nix",
        "nixpkgs": "nixpkgs"
      }
    }
  },
  "root": "root",
  "version": 7
}
